
Microsoft Visual Studio Solution File, Format Version 12.00
# Visual Studio Version 17
VisualStudioVersion = 17.3.32922.545
MinimumVisualStudioVersion = 10.0.40219.1
Project("{FAE04EC0-301F-11D3-BF4B-00C04F79EFBC}") = "CNJewellerAdmin", "CNJewellerAdmin\CNJewellerAdmin.csproj", "{606739E6-E408-4177-A603-A6DBA4E4962D}"
EndProject
Global
	GlobalSection(SolutionConfigurationPlatforms) = preSolution
		Debug|Any CPU = Debug|Any CPU
		Release|Any CPU = Release|Any CPU
	EndGlobalSection
	GlobalSection(ProjectConfigurationPlatforms) = postSolution
		{606739E6-E408-4177-A603-A6DBA4E4962D}.Debug|Any CPU.ActiveCfg = Debug|Any CPU
		{606739E6-E408-4177-A603-A6DBA4E4962D}.Debug|Any CPU.Build.0 = Debug|Any CPU
		{606739E6-E408-4177-A603-A6DBA4E4962D}.Release|Any CPU.ActiveCfg = Release|Any CPU
		{606739E6-E408-4177-A603-A6DBA4E4962D}.Release|Any CPU.Build.0 = Release|Any CPU
	EndGlobalSection
	GlobalSection(SolutionProperties) = preSolution
		HideSolutionNode = FALSE
	EndGlobalSection
	GlobalSection(ExtensibilityGlobals) = postSolution
		SolutionGuid = {2AA73A3B-3AD2-4C58-93BF-C1AA36BE2B85}
	EndGlobalSection
EndGlobal
